// !$*UTF8*$!
{
	archiveVersion = 1;
	classes = {
	};
	objectVersion = 56;
	objects = {

/* Begin PBXBuildFile section */
		C2A12B0D2ABBA95C00D0878F /* OperaHouseApp.swift in Sources */ = {isa = PBXBuildFile; fileRef = C2A12B0C2ABBA95C00D0878F /* OperaHouseApp.swift */; };
		C2A12B0F2ABBA95C00D0878F /* ContentView.swift in Sources */ = {isa = PBXBuildFile; fileRef = C2A12B0E2ABBA95C00D0878F /* ContentView.swift */; };
		C2A12B112ABBA95E00D0878F /* Assets.xcassets in Resources */ = {isa = PBXBuildFile; fileRef = C2A12B102ABBA95E00D0878F /* Assets.xcassets */; };
		C2A12B142ABBA95E00D0878F /* Preview Assets.xcassets in Resources */ = {isa = PBXBuildFile; fileRef = C2A12B132ABBA95E00D0878F /* Preview Assets.xcassets */; };
		C2A12B1E2ABBA95F00D0878F /* OperaHouseTests.swift in Sources */ = {isa = PBXBuildFile; fileRef = C2A12B1D2ABBA95F00D0878F /* OperaHouseTests.swift */; };
		C2A12B282ABBA95F00D0878F /* OperaHouseUITests.swift in Sources */ = {isa = PBXBuildFile; fileRef = C2A12B272ABBA95F00D0878F /* OperaHouseUITests.swift */; };
		C2A12B2A2ABBA95F00D0878F /* OperaHouseUITestsLaunchTests.swift in Sources */ = {isa = PBXBuildFile; fileRef = C2A12B292ABBA95F00D0878F /* OperaHouseUITestsLaunchTests.swift */; };
		C2A12B382ABBAAA300D0878F /* MusicPerformance.swift in Sources */ = {isa = PBXBuildFile; fileRef = C2A12B372ABBAAA300D0878F /* MusicPerformance.swift */; };
		C2A12B3A2ABBABC400D0878F /* Venue.swift in Sources */ = {isa = PBXBuildFile; fileRef = C2A12B392ABBABC400D0878F /* Venue.swift */; };
		C2A12B3C2ABBAC1200D0878F /* Artist.swift in Sources */ = {isa = PBXBuildFile; fileRef = C2A12B3B2ABBAC1200D0878F /* Artist.swift */; };
		C2A12B3F2ABBAF3D00D0878F /* ArtistPerformance.swift in Sources */ = {isa = PBXBuildFile; fileRef = C2A12B3E2ABBAF3D00D0878F /* ArtistPerformance.swift */; };
		C2A12B412ABBAFF000D0878F /* VenuePerformance.swift in Sources */ = {isa = PBXBuildFile; fileRef = C2A12B402ABBAFF000D0878F /* VenuePerformance.swift */; };
		C2A12B432ABBB3E300D0878F /* VenueModelTests.swift in Sources */ = {isa = PBXBuildFile; fileRef = C2A12B422ABBB3E300D0878F /* VenueModelTests.swift */; };
		C2A12B452ABBB40500D0878F /* ArtistModelTests.swift in Sources */ = {isa = PBXBuildFile; fileRef = C2A12B442ABBB40500D0878F /* ArtistModelTests.swift */; };
/* End PBXBuildFile section */

/* Begin PBXContainerItemProxy section */
		C2A12B1A2ABBA95F00D0878F /* PBXContainerItemProxy */ = {
			isa = PBXContainerItemProxy;
			containerPortal = C2A12B012ABBA95C00D0878F /* Project object */;
			proxyType = 1;
			remoteGlobalIDString = C2A12B082ABBA95C00D0878F;
			remoteInfo = OperaHouse;
		};
		C2A12B242ABBA95F00D0878F /* PBXContainerItemProxy */ = {
			isa = PBXContainerItemProxy;
			containerPortal = C2A12B012ABBA95C00D0878F /* Project object */;
			proxyType = 1;
			remoteGlobalIDString = C2A12B082ABBA95C00D0878F;
			remoteInfo = OperaHouse;
		};
/* End PBXContainerItemProxy section */

/* Begin PBXFileReference section */
		C2A12B092ABBA95C00D0878F /* OperaHouse.app */ = {isa = PBXFileReference; explicitFileType = wrapper.application; includeInIndex = 0; path = OperaHouse.app; sourceTree = BUILT_PRODUCTS_DIR; };
		C2A12B0C2ABBA95C00D0878F /* OperaHouseApp.swift */ = {isa = PBXFileReference; lastKnownFileType = sourcecode.swift; path = OperaHouseApp.swift; sourceTree = "<group>"; };
		C2A12B0E2ABBA95C00D0878F /* ContentView.swift */ = {isa = PBXFileReference; lastKnownFileType = sourcecode.swift; path = ContentView.swift; sourceTree = "<group>"; };
		C2A12B102ABBA95E00D0878F /* Assets.xcassets */ = {isa = PBXFileReference; lastKnownFileType = folder.assetcatalog; path = Assets.xcassets; sourceTree = "<group>"; };
		C2A12B132ABBA95E00D0878F /* Preview Assets.xcassets */ = {isa = PBXFileReference; lastKnownFileType = folder.assetcatalog; path = "Preview Assets.xcassets"; sourceTree = "<group>"; };
		C2A12B192ABBA95F00D0878F /* OperaHouseTests.xctest */ = {isa = PBXFileReference; explicitFileType = wrapper.cfbundle; includeInIndex = 0; path = OperaHouseTests.xctest; sourceTree = BUILT_PRODUCTS_DIR; };
		C2A12B1D2ABBA95F00D0878F /* OperaHouseTests.swift */ = {isa = PBXFileReference; lastKnownFileType = sourcecode.swift; path = OperaHouseTests.swift; sourceTree = "<group>"; };
		C2A12B232ABBA95F00D0878F /* OperaHouseUITests.xctest */ = {isa = PBXFileReference; explicitFileType = wrapper.cfbundle; includeInIndex = 0; path = OperaHouseUITests.xctest; sourceTree = BUILT_PRODUCTS_DIR; };
		C2A12B272ABBA95F00D0878F /* OperaHouseUITests.swift */ = {isa = PBXFileReference; lastKnownFileType = sourcecode.swift; path = OperaHouseUITests.swift; sourceTree = "<group>"; };
		C2A12B292ABBA95F00D0878F /* OperaHouseUITestsLaunchTests.swift */ = {isa = PBXFileReference; lastKnownFileType = sourcecode.swift; path = OperaHouseUITestsLaunchTests.swift; sourceTree = "<group>"; };
		C2A12B372ABBAAA300D0878F /* MusicPerformance.swift */ = {isa = PBXFileReference; lastKnownFileType = sourcecode.swift; path = MusicPerformance.swift; sourceTree = "<group>"; };
		C2A12B392ABBABC400D0878F /* Venue.swift */ = {isa = PBXFileReference; lastKnownFileType = sourcecode.swift; path = Venue.swift; sourceTree = "<group>"; };
		C2A12B3B2ABBAC1200D0878F /* Artist.swift */ = {isa = PBXFileReference; lastKnownFileType = sourcecode.swift; path = Artist.swift; sourceTree = "<group>"; };
		C2A12B3E2ABBAF3D00D0878F /* ArtistPerformance.swift */ = {isa = PBXFileReference; lastKnownFileType = sourcecode.swift; path = ArtistPerformance.swift; sourceTree = "<group>"; };
		C2A12B402ABBAFF000D0878F /* VenuePerformance.swift */ = {isa = PBXFileReference; lastKnownFileType = sourcecode.swift; path = VenuePerformance.swift; sourceTree = "<group>"; };
		C2A12B422ABBB3E300D0878F /* VenueModelTests.swift */ = {isa = PBXFileReference; lastKnownFileType = sourcecode.swift; path = VenueModelTests.swift; sourceTree = "<group>"; };
		C2A12B442ABBB40500D0878F /* ArtistModelTests.swift */ = {isa = PBXFileReference; lastKnownFileType = sourcecode.swift; path = ArtistModelTests.swift; sourceTree = "<group>"; };
/* End PBXFileReference section */

/* Begin PBXFrameworksBuildPhase section */
		C2A12B062ABBA95C00D0878F /* Frameworks */ = {
			isa = PBXFrameworksBuildPhase;
			buildActionMask = 2147483647;
			files = (
			);
			runOnlyForDeploymentPostprocessing = 0;
		};
		C2A12B162ABBA95F00D0878F /* Frameworks */ = {
			isa = PBXFrameworksBuildPhase;
			buildActionMask = 2147483647;
			files = (
			);
			runOnlyForDeploymentPostprocessing = 0;
		};
		C2A12B202ABBA95F00D0878F /* Frameworks */ = {
			isa = PBXFrameworksBuildPhase;
			buildActionMask = 2147483647;
			files = (
			);
			runOnlyForDeploymentPostprocessing = 0;
		};
/* End PBXFrameworksBuildPhase section */

/* Begin PBXGroup section */
		C2A12B002ABBA95C00D0878F = {
			isa = PBXGroup;
			children = (
				C2A12B0B2ABBA95C00D0878F /* OperaHouse */,
				C2A12B1C2ABBA95F00D0878F /* OperaHouseTests */,
				C2A12B262ABBA95F00D0878F /* OperaHouseUITests */,
				C2A12B0A2ABBA95C00D0878F /* Products */,
			);
			sourceTree = "<group>";
		};
		C2A12B0A2ABBA95C00D0878F /* Products */ = {
			isa = PBXGroup;
			children = (
				C2A12B092ABBA95C00D0878F /* OperaHouse.app */,
				C2A12B192ABBA95F00D0878F /* OperaHouseTests.xctest */,
				C2A12B232ABBA95F00D0878F /* OperaHouseUITests.xctest */,
			);
			name = Products;
			sourceTree = "<group>";
		};
		C2A12B0B2ABBA95C00D0878F /* OperaHouse */ = {
			isa = PBXGroup;
			children = (
				C2A12B0C2ABBA95C00D0878F /* OperaHouseApp.swift */,
				C2A12B0E2ABBA95C00D0878F /* ContentView.swift */,
				C2A12B362ABBAA7B00D0878F /* Model */,
				C2A12B102ABBA95E00D0878F /* Assets.xcassets */,
				C2A12B122ABBA95E00D0878F /* Preview Content */,
			);
			path = OperaHouse;
			sourceTree = "<group>";
		};
		C2A12B122ABBA95E00D0878F /* Preview Content */ = {
			isa = PBXGroup;
			children = (
				C2A12B132ABBA95E00D0878F /* Preview Assets.xcassets */,
			);
			path = "Preview Content";
			sourceTree = "<group>";
		};
		C2A12B1C2ABBA95F00D0878F /* OperaHouseTests */ = {
			isa = PBXGroup;
			children = (
				C2A12B1D2ABBA95F00D0878F /* OperaHouseTests.swift */,
				C2A12B462ABBB5AC00D0878F /* ModelTests */,
			);
			path = OperaHouseTests;
			sourceTree = "<group>";
		};
		C2A12B262ABBA95F00D0878F /* OperaHouseUITests */ = {
			isa = PBXGroup;
			children = (
				C2A12B272ABBA95F00D0878F /* OperaHouseUITests.swift */,
				C2A12B292ABBA95F00D0878F /* OperaHouseUITestsLaunchTests.swift */,
			);
			path = OperaHouseUITests;
			sourceTree = "<group>";
		};
		C2A12B362ABBAA7B00D0878F /* Model */ = {
			isa = PBXGroup;
			children = (
				C2A12B372ABBAAA300D0878F /* MusicPerformance.swift */,
				C2A12B3E2ABBAF3D00D0878F /* ArtistPerformance.swift */,
				C2A12B402ABBAFF000D0878F /* VenuePerformance.swift */,
				C2A12B392ABBABC400D0878F /* Venue.swift */,
				C2A12B3B2ABBAC1200D0878F /* Artist.swift */,
			);
			path = Model;
			sourceTree = "<group>";
		};
		C2A12B462ABBB5AC00D0878F /* ModelTests */ = {
			isa = PBXGroup;
			children = (
				C2A12B422ABBB3E300D0878F /* VenueModelTests.swift */,
				C2A12B442ABBB40500D0878F /* ArtistModelTests.swift */,
			);
			path = ModelTests;
			sourceTree = "<group>";
		};
/* End PBXGroup section */

/* Begin PBXNativeTarget section */
		C2A12B082ABBA95C00D0878F /* OperaHouse */ = {
			isa = PBXNativeTarget;
			buildConfigurationList = C2A12B2D2ABBA95F00D0878F /* Build configuration list for PBXNativeTarget "OperaHouse" */;
			buildPhases = (
				C2A12B052ABBA95C00D0878F /* Sources */,
				C2A12B062ABBA95C00D0878F /* Frameworks */,
				C2A12B072ABBA95C00D0878F /* Resources */,
				C2A12B3D2ABBACDB00D0878F /* ShellScript */,
			);
			buildRules = (
			);
			dependencies = (
			);
			name = OperaHouse;
			productName = OperaHouse;
			productReference = C2A12B092ABBA95C00D0878F /* OperaHouse.app */;
			productType = "com.apple.product-type.application";
		};
		C2A12B182ABBA95F00D0878F /* OperaHouseTests */ = {
			isa = PBXNativeTarget;
			buildConfigurationList = C2A12B302ABBA95F00D0878F /* Build configuration list for PBXNativeTarget "OperaHouseTests" */;
			buildPhases = (
				C2A12B152ABBA95F00D0878F /* Sources */,
				C2A12B162ABBA95F00D0878F /* Frameworks */,
				C2A12B172ABBA95F00D0878F /* Resources */,
			);
			buildRules = (
			);
			dependencies = (
				C2A12B1B2ABBA95F00D0878F /* PBXTargetDependency */,
			);
			name = OperaHouseTests;
			productName = OperaHouseTests;
			productReference = C2A12B192ABBA95F00D0878F /* OperaHouseTests.xctest */;
			productType = "com.apple.product-type.bundle.unit-test";
		};
		C2A12B222ABBA95F00D0878F /* OperaHouseUITests */ = {
			isa = PBXNativeTarget;
			buildConfigurationList = C2A12B332ABBA95F00D0878F /* Build configuration list for PBXNativeTarget "OperaHouseUITests" */;
			buildPhases = (
				C2A12B1F2ABBA95F00D0878F /* Sources */,
				C2A12B202ABBA95F00D0878F /* Frameworks */,
				C2A12B212ABBA95F00D0878F /* Resources */,
			);
			buildRules = (
			);
			dependencies = (
				C2A12B252ABBA95F00D0878F /* PBXTargetDependency */,
			);
			name = OperaHouseUITests;
			productName = OperaHouseUITests;
			productReference = C2A12B232ABBA95F00D0878F /* OperaHouseUITests.xctest */;
			productType = "com.apple.product-type.bundle.ui-testing";
		};
/* End PBXNativeTarget section */

/* Begin PBXProject section */
		C2A12B012ABBA95C00D0878F /* Project object */ = {
			isa = PBXProject;
			attributes = {
				BuildIndependentTargetsInParallel = 1;
				LastSwiftUpdateCheck = 1420;
				LastUpgradeCheck = 1420;
				TargetAttributes = {
					C2A12B082ABBA95C00D0878F = {
						CreatedOnToolsVersion = 14.2;
					};
					C2A12B182ABBA95F00D0878F = {
						CreatedOnToolsVersion = 14.2;
						TestTargetID = C2A12B082ABBA95C00D0878F;
					};
					C2A12B222ABBA95F00D0878F = {
						CreatedOnToolsVersion = 14.2;
						TestTargetID = C2A12B082ABBA95C00D0878F;
					};
				};
			};
			buildConfigurationList = C2A12B042ABBA95C00D0878F /* Build configuration list for PBXProject "OperaHouse" */;
			compatibilityVersion = "Xcode 14.0";
			developmentRegion = en;
			hasScannedForEncodings = 0;
			knownRegions = (
				en,
				Base,
			);
			mainGroup = C2A12B002ABBA95C00D0878F;
			productRefGroup = C2A12B0A2ABBA95C00D0878F /* Products */;
			projectDirPath = "";
			projectRoot = "";
			targets = (
				C2A12B082ABBA95C00D0878F /* OperaHouse */,
				C2A12B182ABBA95F00D0878F /* OperaHouseTests */,
				C2A12B222ABBA95F00D0878F /* OperaHouseUITests */,
			);
		};
/* End PBXProject section */

/* Begin PBXResourcesBuildPhase section */
		C2A12B072ABBA95C00D0878F /* Resources */ = {
			isa = PBXResourcesBuildPhase;
			buildActionMask = 2147483647;
			files = (
				C2A12B142ABBA95E00D0878F /* Preview Assets.xcassets in Resources */,
				C2A12B112ABBA95E00D0878F /* Assets.xcassets in Resources */,
			);
			runOnlyForDeploymentPostprocessing = 0;
		};
		C2A12B172ABBA95F00D0878F /* Resources */ = {
			isa = PBXResourcesBuildPhase;
			buildActionMask = 2147483647;
			files = (
			);
			runOnlyForDeploymentPostprocessing = 0;
		};
		C2A12B212ABBA95F00D0878F /* Resources */ = {
			isa = PBXResourcesBuildPhase;
			buildActionMask = 2147483647;
			files = (
			);
			runOnlyForDeploymentPostprocessing = 0;
		};
/* End PBXResourcesBuildPhase section */

/* Begin PBXShellScriptBuildPhase section */
		C2A12B3D2ABBACDB00D0878F /* ShellScript */ = {
			isa = PBXShellScriptBuildPhase;
			buildActionMask = 2147483647;
			files = (
			);
			inputFileListPaths = (
			);
			inputPaths = (
			);
			outputFileListPaths = (
			);
			outputPaths = (
			);
			runOnlyForDeploymentPostprocessing = 0;
			shellPath = /bin/sh;
			shellScript = "if which swiftlint > /dev/null; then\n  swiftlint\nelse\n  echo \"warning: SwiftLint not installed, download from https://github.com/realm/SwiftLint\"\nfi\n";
		};
/* End PBXShellScriptBuildPhase section */

/* Begin PBXSourcesBuildPhase section */
		C2A12B052ABBA95C00D0878F /* Sources */ = {
			isa = PBXSourcesBuildPhase;
			buildActionMask = 2147483647;
			files = (
				C2A12B412ABBAFF000D0878F /* VenuePerformance.swift in Sources */,
				C2A12B0F2ABBA95C00D0878F /* ContentView.swift in Sources */,
				C2A12B3A2ABBABC400D0878F /* Venue.swift in Sources */,
				C2A12B382ABBAAA300D0878F /* MusicPerformance.swift in Sources */,
				C2A12B3C2ABBAC1200D0878F /* Artist.swift in Sources */,
				C2A12B0D2ABBA95C00D0878F /* OperaHouseApp.swift in Sources */,
				C2A12B3F2ABBAF3D00D0878F /* ArtistPerformance.swift in Sources */,
			);
			runOnlyForDeploymentPostprocessing = 0;
		};
		C2A12B152ABBA95F00D0878F /* Sources */ = {
			isa = PBXSourcesBuildPhase;
			buildActionMask = 2147483647;
			files = (
				C2A12B1E2ABBA95F00D0878F /* OperaHouseTests.swift in Sources */,
				C2A12B452ABBB40500D0878F /* ArtistModelTests.swift in Sources */,
				C2A12B432ABBB3E300D0878F /* VenueModelTests.swift in Sources */,
			);
			runOnlyForDeploymentPostprocessing = 0;
		};
		C2A12B1F2ABBA95F00D0878F /* Sources */ = {
			isa = PBXSourcesBuildPhase;
			buildActionMask = 2147483647;
			files = (
				C2A12B282ABBA95F00D0878F /* OperaHouseUITests.swift in Sources */,
				C2A12B2A2ABBA95F00D0878F /* OperaHouseUITestsLaunchTests.swift in Sources */,
			);
			runOnlyForDeploymentPostprocessing = 0;
		};
/* End PBXSourcesBuildPhase section */

/* Begin PBXTargetDependency section */
		C2A12B1B2ABBA95F00D0878F /* PBXTargetDependency */ = {
			isa = PBXTargetDependency;
			target = C2A12B082ABBA95C00D0878F /* OperaHouse */;
			targetProxy = C2A12B1A2ABBA95F00D0878F /* PBXContainerItemProxy */;
		};
		C2A12B252ABBA95F00D0878F /* PBXTargetDependency */ = {
			isa = PBXTargetDependency;
			target = C2A12B082ABBA95C00D0878F /* OperaHouse */;
			targetProxy = C2A12B242ABBA95F00D0878F /* PBXContainerItemProxy */;
		};
/* End PBXTargetDependency section */

/* Begin XCBuildConfiguration section */
		C2A12B2B2ABBA95F00D0878F /* Debug */ = {
			isa = XCBuildConfiguration;
			buildSettings = {
				ALWAYS_SEARCH_USER_PATHS = NO;
				CLANG_ANALYZER_NONNULL = YES;
				CLANG_ANALYZER_NUMBER_OBJECT_CONVERSION = YES_AGGRESSIVE;
				CLANG_CXX_LANGUAGE_STANDARD = "gnu++20";
				CLANG_ENABLE_MODULES = YES;
				CLANG_ENABLE_OBJC_ARC = YES;
				CLANG_ENABLE_OBJC_WEAK = YES;
				CLANG_WARN_BLOCK_CAPTURE_AUTORELEASING = YES;
				CLANG_WARN_BOOL_CONVERSION = YES;
				CLANG_WARN_COMMA = YES;
				CLANG_WARN_CONSTANT_CONVERSION = YES;
				CLANG_WARN_DEPRECATED_OBJC_IMPLEMENTATIONS = YES;
				CLANG_WARN_DIRECT_OBJC_ISA_USAGE = YES_ERROR;
				CLANG_WARN_DOCUMENTATION_COMMENTS = YES;
				CLANG_WARN_EMPTY_BODY = YES;
				CLANG_WARN_ENUM_CONVERSION = YES;
				CLANG_WARN_INFINITE_RECURSION = YES;
				CLANG_WARN_INT_CONVERSION = YES;
				CLANG_WARN_NON_LITERAL_NULL_CONVERSION = YES;
				CLANG_WARN_OBJC_IMPLICIT_RETAIN_SELF = YES;
				CLANG_WARN_OBJC_LITERAL_CONVERSION = YES;
				CLANG_WARN_OBJC_ROOT_CLASS = YES_ERROR;
				CLANG_WARN_QUOTED_INCLUDE_IN_FRAMEWORK_HEADER = YES;
				CLANG_WARN_RANGE_LOOP_ANALYSIS = YES;
				CLANG_WARN_STRICT_PROTOTYPES = YES;
				CLANG_WARN_SUSPICIOUS_MOVE = YES;
				CLANG_WARN_UNGUARDED_AVAILABILITY = YES_AGGRESSIVE;
				CLANG_WARN_UNREACHABLE_CODE = YES;
				CLANG_WARN__DUPLICATE_METHOD_MATCH = YES;
				COPY_PHASE_STRIP = NO;
				DEBUG_INFORMATION_FORMAT = dwarf;
				ENABLE_STRICT_OBJC_MSGSEND = YES;
				ENABLE_TESTABILITY = YES;
				GCC_C_LANGUAGE_STANDARD = gnu11;
				GCC_DYNAMIC_NO_PIC = NO;
				GCC_NO_COMMON_BLOCKS = YES;
				GCC_OPTIMIZATION_LEVEL = 0;
				GCC_PREPROCESSOR_DEFINITIONS = (
					"DEBUG=1",
					"$(inherited)",
				);
				GCC_WARN_64_TO_32_BIT_CONVERSION = YES;
				GCC_WARN_ABOUT_RETURN_TYPE = YES_ERROR;
				GCC_WARN_UNDECLARED_SELECTOR = YES;
				GCC_WARN_UNINITIALIZED_AUTOS = YES_AGGRESSIVE;
				GCC_WARN_UNUSED_FUNCTION = YES;
				GCC_WARN_UNUSED_VARIABLE = YES;
				IPHONEOS_DEPLOYMENT_TARGET = 16.2;
				MTL_ENABLE_DEBUG_INFO = INCLUDE_SOURCE;
				MTL_FAST_MATH = YES;
				ONLY_ACTIVE_ARCH = YES;
				SDKROOT = iphoneos;
				SWIFT_ACTIVE_COMPILATION_CONDITIONS = DEBUG;
				SWIFT_OPTIMIZATION_LEVEL = "-Onone";
			};
			name = Debug;
		};
		C2A12B2C2ABBA95F00D0878F /* Release */ = {
			isa = XCBuildConfiguration;
			buildSettings = {
				ALWAYS_SEARCH_USER_PATHS = NO;
				CLANG_ANALYZER_NONNULL = YES;
				CLANG_ANALYZER_NUMBER_OBJECT_CONVERSION = YES_AGGRESSIVE;
				CLANG_CXX_LANGUAGE_STANDARD = "gnu++20";
				CLANG_ENABLE_MODULES = YES;
				CLANG_ENABLE_OBJC_ARC = YES;
				CLANG_ENABLE_OBJC_WEAK = YES;
				CLANG_WARN_BLOCK_CAPTURE_AUTORELEASING = YES;
				CLANG_WARN_BOOL_CONVERSION = YES;
				CLANG_WARN_COMMA = YES;
				CLANG_WARN_CONSTANT_CONVERSION = YES;
				CLANG_WARN_DEPRECATED_OBJC_IMPLEMENTATIONS = YES;
				CLANG_WARN_DIRECT_OBJC_ISA_USAGE = YES_ERROR;
				CLANG_WARN_DOCUMENTATION_COMMENTS = YES;
				CLANG_WARN_EMPTY_BODY = YES;
				CLANG_WARN_ENUM_CONVERSION = YES;
				CLANG_WARN_INFINITE_RECURSION = YES;
				CLANG_WARN_INT_CONVERSION = YES;
				CLANG_WARN_NON_LITERAL_NULL_CONVERSION = YES;
				CLANG_WARN_OBJC_IMPLICIT_RETAIN_SELF = YES;
				CLANG_WARN_OBJC_LITERAL_CONVERSION = YES;
				CLANG_WARN_OBJC_ROOT_CLASS = YES_ERROR;
				CLANG_WARN_QUOTED_INCLUDE_IN_FRAMEWORK_HEADER = YES;
				CLANG_WARN_RANGE_LOOP_ANALYSIS = YES;
				CLANG_WARN_STRICT_PROTOTYPES = YES;
				CLANG_WARN_SUSPICIOUS_MOVE = YES;
				CLANG_WARN_UNGUARDED_AVAILABILITY = YES_AGGRESSIVE;
				CLANG_WARN_UNREACHABLE_CODE = YES;
				CLANG_WARN__DUPLICATE_METHOD_MATCH = YES;
				COPY_PHASE_STRIP = NO;
				DEBUG_INFORMATION_FORMAT = "dwarf-with-dsym";
				ENABLE_NS_ASSERTIONS = NO;
				ENABLE_STRICT_OBJC_MSGSEND = YES;
				GCC_C_LANGUAGE_STANDARD = gnu11;
				GCC_NO_COMMON_BLOCKS = YES;
				GCC_WARN_64_TO_32_BIT_CONVERSION = YES;
				GCC_WARN_ABOUT_RETURN_TYPE = YES_ERROR;
				GCC_WARN_UNDECLARED_SELECTOR = YES;
				GCC_WARN_UNINITIALIZED_AUTOS = YES_AGGRESSIVE;
				GCC_WARN_UNUSED_FUNCTION = YES;
				GCC_WARN_UNUSED_VARIABLE = YES;
				IPHONEOS_DEPLOYMENT_TARGET = 16.2;
				MTL_ENABLE_DEBUG_INFO = NO;
				MTL_FAST_MATH = YES;
				SDKROOT = iphoneos;
				SWIFT_COMPILATION_MODE = wholemodule;
				SWIFT_OPTIMIZATION_LEVEL = "-O";
				VALIDATE_PRODUCT = YES;
			};
			name = Release;
		};
		C2A12B2E2ABBA95F00D0878F /* Debug */ = {
			isa = XCBuildConfiguration;
			buildSettings = {
				ASSETCATALOG_COMPILER_APPICON_NAME = AppIcon;
				ASSETCATALOG_COMPILER_GLOBAL_ACCENT_COLOR_NAME = AccentColor;
				CODE_SIGN_STYLE = Automatic;
				CURRENT_PROJECT_VERSION = 1;
				DEVELOPMENT_ASSET_PATHS = "\"OperaHouse/Preview Content\"";
				DEVELOPMENT_TEAM = MTVHX6F533;
				ENABLE_PREVIEWS = YES;
				GENERATE_INFOPLIST_FILE = YES;
				INFOPLIST_KEY_UIApplicationSceneManifest_Generation = YES;
				INFOPLIST_KEY_UIApplicationSupportsIndirectInputEvents = YES;
				INFOPLIST_KEY_UILaunchScreen_Generation = YES;
				INFOPLIST_KEY_UISupportedInterfaceOrientations_iPad = "UIInterfaceOrientationPortrait UIInterfaceOrientationPortraitUpsideDown UIInterfaceOrientationLandscapeLeft UIInterfaceOrientationLandscapeRight";
				INFOPLIST_KEY_UISupportedInterfaceOrientations_iPhone = "UIInterfaceOrientationPortrait UIInterfaceOrientationLandscapeLeft UIInterfaceOrientationLandscapeRight";
				LD_RUNPATH_SEARCH_PATHS = (
					"$(inherited)",
					"@executable_path/Frameworks",
				);
				MARKETING_VERSION = 1.0;
				PRODUCT_BUNDLE_IDENTIFIER = com.tibin.OperaHouse;
				PRODUCT_NAME = "$(TARGET_NAME)";
				SWIFT_EMIT_LOC_STRINGS = YES;
				SWIFT_VERSION = 5.0;
				TARGETED_DEVICE_FAMILY = "1,2";
			};
			name = Debug;
		};
		C2A12B2F2ABBA95F00D0878F /* Release */ = {
			isa = XCBuildConfiguration;
			buildSettings = {
				ASSETCATALOG_COMPILER_APPICON_NAME = AppIcon;
				ASSETCATALOG_COMPILER_GLOBAL_ACCENT_COLOR_NAME = AccentColor;
				CODE_SIGN_STYLE = Automatic;
				CURRENT_PROJECT_VERSION = 1;
				DEVELOPMENT_ASSET_PATHS = "\"OperaHouse/Preview Content\"";
				DEVELOPMENT_TEAM = MTVHX6F533;
				ENABLE_PREVIEWS = YES;
				GENERATE_INFOPLIST_FILE = YES;
				INFOPLIST_KEY_UIApplicationSceneManifest_Generation = YES;
				INFOPLIST_KEY_UIApplicationSupportsIndirectInputEvents = YES;
				INFOPLIST_KEY_UILaunchScreen_Generation = YES;
				INFOPLIST_KEY_UISupportedInterfaceOrientations_iPad = "UIInterfaceOrientationPortrait UIInterfaceOrientationPortraitUpsideDown UIInterfaceOrientationLandscapeLeft UIInterfaceOrientationLandscapeRight";
				INFOPLIST_KEY_UISupportedInterfaceOrientations_iPhone = "UIInterfaceOrientationPortrait UIInterfaceOrientationLandscapeLeft UIInterfaceOrientationLandscapeRight";
				LD_RUNPATH_SEARCH_PATHS = (
					"$(inherited)",
					"@executable_path/Frameworks",
				);
				MARKETING_VERSION = 1.0;
				PRODUCT_BUNDLE_IDENTIFIER = com.tibin.OperaHouse;
				PRODUCT_NAME = "$(TARGET_NAME)";
				SWIFT_EMIT_LOC_STRINGS = YES;
				SWIFT_VERSION = 5.0;
				TARGETED_DEVICE_FAMILY = "1,2";
			};
			name = Release;
		};
		C2A12B312ABBA95F00D0878F /* Debug */ = {
			isa = XCBuildConfiguration;
			buildSettings = {
				ALWAYS_EMBED_SWIFT_STANDARD_LIBRARIES = YES;
				BUNDLE_LOADER = "$(TEST_HOST)";
				CODE_SIGN_STYLE = Automatic;
				CURRENT_PROJECT_VERSION = 1;
				DEVELOPMENT_TEAM = MTVHX6F533;
				GENERATE_INFOPLIST_FILE = YES;
				IPHONEOS_DEPLOYMENT_TARGET = 16.2;
				MARKETING_VERSION = 1.0;
				PRODUCT_BUNDLE_IDENTIFIER = com.tibin.OperaHouseTests;
				PRODUCT_NAME = "$(TARGET_NAME)";
				SWIFT_EMIT_LOC_STRINGS = NO;
				SWIFT_VERSION = 5.0;
				TARGETED_DEVICE_FAMILY = "1,2";
				TEST_HOST = "$(BUILT_PRODUCTS_DIR)/OperaHouse.app/$(BUNDLE_EXECUTABLE_FOLDER_PATH)/OperaHouse";
			};
			name = Debug;
		};
		C2A12B322ABBA95F00D0878F /* Release */ = {
			isa = XCBuildConfiguration;
			buildSettings = {
				ALWAYS_EMBED_SWIFT_STANDARD_LIBRARIES = YES;
				BUNDLE_LOADER = "$(TEST_HOST)";
				CODE_SIGN_STYLE = Automatic;
				CURRENT_PROJECT_VERSION = 1;
				DEVELOPMENT_TEAM = MTVHX6F533;
				GENERATE_INFOPLIST_FILE = YES;
				IPHONEOS_DEPLOYMENT_TARGET = 16.2;
				MARKETING_VERSION = 1.0;
				PRODUCT_BUNDLE_IDENTIFIER = com.tibin.OperaHouseTests;
				PRODUCT_NAME = "$(TARGET_NAME)";
				SWIFT_EMIT_LOC_STRINGS = NO;
				SWIFT_VERSION = 5.0;
				TARGETED_DEVICE_FAMILY = "1,2";
				TEST_HOST = "$(BUILT_PRODUCTS_DIR)/OperaHouse.app/$(BUNDLE_EXECUTABLE_FOLDER_PATH)/OperaHouse";
			};
			name = Release;
		};
		C2A12B342ABBA95F00D0878F /* Debug */ = {
			isa = XCBuildConfiguration;
			buildSettings = {
				ALWAYS_EMBED_SWIFT_STANDARD_LIBRARIES = YES;
				CODE_SIGN_STYLE = Automatic;
				CURRENT_PROJECT_VERSION = 1;
				DEVELOPMENT_TEAM = MTVHX6F533;
				GENERATE_INFOPLIST_FILE = YES;
				MARKETING_VERSION = 1.0;
				PRODUCT_BUNDLE_IDENTIFIER = com.tibin.OperaHouseUITests;
				PRODUCT_NAME = "$(TARGET_NAME)";
				SWIFT_EMIT_LOC_STRINGS = NO;
				SWIFT_VERSION = 5.0;
				TARGETED_DEVICE_FAMILY = "1,2";
				TEST_TARGET_NAME = OperaHouse;
			};
			name = Debug;
		};
		C2A12B352ABBA95F00D0878F /* Release */ = {
			isa = XCBuildConfiguration;
			buildSettings = {
				ALWAYS_EMBED_SWIFT_STANDARD_LIBRARIES = YES;
				CODE_SIGN_STYLE = Automatic;
				CURRENT_PROJECT_VERSION = 1;
				DEVELOPMENT_TEAM = MTVHX6F533;
				GENERATE_INFOPLIST_FILE = YES;
				MARKETING_VERSION = 1.0;
				PRODUCT_BUNDLE_IDENTIFIER = com.tibin.OperaHouseUITests;
				PRODUCT_NAME = "$(TARGET_NAME)";
				SWIFT_EMIT_LOC_STRINGS = NO;
				SWIFT_VERSION = 5.0;
				TARGETED_DEVICE_FAMILY = "1,2";
				TEST_TARGET_NAME = OperaHouse;
			};
			name = Release;
		};
/* End XCBuildConfiguration section */

/* Begin XCConfigurationList section */
		C2A12B042ABBA95C00D0878F /* Build configuration list for PBXProject "OperaHouse" */ = {
			isa = XCConfigurationList;
			buildConfigurations = (
				C2A12B2B2ABBA95F00D0878F /* Debug */,
				C2A12B2C2ABBA95F00D0878F /* Release */,
			);
			defaultConfigurationIsVisible = 0;
			defaultConfigurationName = Release;
		};
		C2A12B2D2ABBA95F00D0878F /* Build configuration list for PBXNativeTarget "OperaHouse" */ = {
			isa = XCConfigurationList;
			buildConfigurations = (
				C2A12B2E2ABBA95F00D0878F /* Debug */,
				C2A12B2F2ABBA95F00D0878F /* Release */,
			);
			defaultConfigurationIsVisible = 0;
			defaultConfigurationName = Release;
		};
		C2A12B302ABBA95F00D0878F /* Build configuration list for PBXNativeTarget "OperaHouseTests" */ = {
			isa = XCConfigurationList;
			buildConfigurations = (
				C2A12B312ABBA95F00D0878F /* Debug */,
				C2A12B322ABBA95F00D0878F /* Release */,
			);
			defaultConfigurationIsVisible = 0;
			defaultConfigurationName = Release;
		};
		C2A12B332ABBA95F00D0878F /* Build configuration list for PBXNativeTarget "OperaHouseUITests" */ = {
			isa = XCConfigurationList;
			buildConfigurations = (
				C2A12B342ABBA95F00D0878F /* Debug */,
				C2A12B352ABBA95F00D0878F /* Release */,
			);
			defaultConfigurationIsVisible = 0;
			defaultConfigurationName = Release;
		};
/* End XCConfigurationList section */
	};
	rootObject = C2A12B012ABBA95C00D0878F /* Project object */;
}
