// !$*UTF8*$!
{
	archiveVersion = 1;
	classes = {
	};
	objectVersion = 56;
	objects = {

/* Begin PBXBuildFile section */
		C2A12B0D2ABBA95C00D0878F /* OperaHouseApp.swift in Sources */ = {isa = PBXBuildFile; fileRef = C2A12B0C2ABBA95C00D0878F /* OperaHouseApp.swift */; };
		C2A12B0F2ABBA95C00D0878F /* ContentView.swift in Sources */ = {isa = PBXBuildFile; fileRef = C2A12B0E2ABBA95C00D0878F /* ContentView.swift */; };
		C2A12B112ABBA95E00D0878F /* Assets.xcassets in Resources */ = {isa = PBXBuildFile; fileRef = C2A12B102ABBA95E00D0878F /* Assets.xcassets */; };
		C2A12B142ABBA95E00D0878F /* Preview Assets.xcassets in Resources */ = {isa = PBXBuildFile; fileRef = C2A12B132ABBA95E00D0878F /* Preview Assets.xcassets */; };
		C2A12B1E2ABBA95F00D0878F /* OperaHouseTests.swift in Sources */ = {isa = PBXBuildFile; fileRef = C2A12B1D2ABBA95F00D0878F /* OperaHouseTests.swift */; };
		C2A12B282ABBA95F00D0878F /* OperaHouseUITests.swift in Sources */ = {isa = PBXBuildFile; fileRef = C2A12B272ABBA95F00D0878F /* OperaHouseUITests.swift */; };
		C2A12B2A2ABBA95F00D0878F /* OperaHouseUITestsLaunchTests.swift in Sources */ = {isa = PBXBuildFile; fileRef = C2A12B292ABBA95F00D0878F /* OperaHouseUITestsLaunchTests.swift */; };
		C2A12B382ABBAAA300D0878F /* MusicPerformance.swift in Sources */ = {isa = PBXBuildFile; fileRef = C2A12B372ABBAAA300D0878F /* MusicPerformance.swift */; };
		C2A12B3A2ABBABC400D0878F /* Venue.swift in Sources */ = {isa = PBXBuildFile; fileRef = C2A12B392ABBABC400D0878F /* Venue.swift */; };
		C2A12B3C2ABBAC1200D0878F /* Artist.swift in Sources */ = {isa = PBXBuildFile; fileRef = C2A12B3B2ABBAC1200D0878F /* Artist.swift */; };
		C2A12B3F2ABBAF3D00D0878F /* ArtistPerformance.swift in Sources */ = {isa = PBXBuildFile; fileRef = C2A12B3E2ABBAF3D00D0878F /* ArtistPerformance.swift */; };
		C2A12B412ABBAFF000D0878F /* VenuePerformance.swift in Sources */ = {isa = PBXBuildFile; fileRef = C2A12B402ABBAFF000D0878F /* VenuePerformance.swift */; };
		C2A12B432ABBB3E300D0878F /* VenueModelTests.swift in Sources */ = {isa = PBXBuildFile; fileRef = C2A12B422ABBB3E300D0878F /* VenueModelTests.swift */; };
		C2A12B452ABBB40500D0878F /* ArtistModelTests.swift in Sources */ = {isa = PBXBuildFile; fileRef = C2A12B442ABBB40500D0878F /* ArtistModelTests.swift */; };
		C2A12B492ABBCFBB00D0878F /* APIError.swift in Sources */ = {isa = PBXBuildFile; fileRef = C2A12B482ABBCFBB00D0878F /* APIError.swift */; };
		C2A12B4B2ABBCFEE00D0878F /* HttpClient.swift in Sources */ = {isa = PBXBuildFile; fileRef = C2A12B4A2ABBCFEE00D0878F /* HttpClient.swift */; };
		C2A12B4D2ABC774E00D0878F /* URLEndpoint.swift in Sources */ = {isa = PBXBuildFile; fileRef = C2A12B4C2ABC774E00D0878F /* URLEndpoint.swift */; };
		C2A12B502ABC779400D0878F /* AppEndPoint.swift in Sources */ = {isa = PBXBuildFile; fileRef = C2A12B4F2ABC779400D0878F /* AppEndPoint.swift */; };
		C2A12B522ABD1CAB00D0878F /* ArtistsClient.swift in Sources */ = {isa = PBXBuildFile; fileRef = C2A12B512ABD1CAB00D0878F /* ArtistsClient.swift */; };
		C2A12B542ABD2E4A00D0878F /* ArtistsListViewModel.swift in Sources */ = {isa = PBXBuildFile; fileRef = C2A12B532ABD2E4A00D0878F /* ArtistsListViewModel.swift */; };
		C2A12B562ABD310B00D0878F /* ArtistsListViewModelTests.swift in Sources */ = {isa = PBXBuildFile; fileRef = C2A12B552ABD310B00D0878F /* ArtistsListViewModelTests.swift */; };
		C2A12B5A2ABD345700D0878F /* LoadingState.swift in Sources */ = {isa = PBXBuildFile; fileRef = C2A12B592ABD345700D0878F /* LoadingState.swift */; };
		C2A12B602ABDBE1E00D0878F /* ArtistPerformancesListViewModel.swift in Sources */ = {isa = PBXBuildFile; fileRef = C2A12B5F2ABDBE1E00D0878F /* ArtistPerformancesListViewModel.swift */; };
		C2A12B632ABDBECA00D0878F /* ArtistPerformancesClient.swift in Sources */ = {isa = PBXBuildFile; fileRef = C2A12B622ABDBECA00D0878F /* ArtistPerformancesClient.swift */; };
		C2A12B652ABDBFEE00D0878F /* ArtistPerformancesListViewModelTests.swift in Sources */ = {isa = PBXBuildFile; fileRef = C2A12B642ABDBFEE00D0878F /* ArtistPerformancesListViewModelTests.swift */; };
		C2A12B672ABDD2E500D0878F /* ArtistsListView.swift in Sources */ = {isa = PBXBuildFile; fileRef = C2A12B662ABDD2E500D0878F /* ArtistsListView.swift */; };
		C2A12B6A2ABE29E500D0878F /* ErrorView.swift in Sources */ = {isa = PBXBuildFile; fileRef = C2A12B692ABE29E500D0878F /* ErrorView.swift */; };
		C2A12B6C2ABE29FF00D0878F /* EmptyView.swift in Sources */ = {isa = PBXBuildFile; fileRef = C2A12B6B2ABE29FF00D0878F /* EmptyView.swift */; };
		C2A12B6E2ABE2A1400D0878F /* LoadingView.swift in Sources */ = {isa = PBXBuildFile; fileRef = C2A12B6D2ABE2A1400D0878F /* LoadingView.swift */; };
		C2A12B702ABE2A4300D0878F /* CircledBorderView.swift in Sources */ = {isa = PBXBuildFile; fileRef = C2A12B6F2ABE2A4300D0878F /* CircledBorderView.swift */; };
		C2A12B722ABE2A9900D0878F /* CachedImageView.swift in Sources */ = {isa = PBXBuildFile; fileRef = C2A12B712ABE2A9900D0878F /* CachedImageView.swift */; };
		C2A12B752ABE2AE500D0878F /* ImageLoader.swift in Sources */ = {isa = PBXBuildFile; fileRef = C2A12B742ABE2AE500D0878F /* ImageLoader.swift */; };
		C2A12B772ABE2B6000D0878F /* ArtistsRowView.swift in Sources */ = {isa = PBXBuildFile; fileRef = C2A12B762ABE2B6000D0878F /* ArtistsRowView.swift */; };
		C2A12B792ABE2FFA00D0878F /* ImageEndPoint.swift in Sources */ = {isa = PBXBuildFile; fileRef = C2A12B782ABE2FFA00D0878F /* ImageEndPoint.swift */; };
		C2A12B7B2ABE31F200D0878F /* EndPointTests.swift in Sources */ = {isa = PBXBuildFile; fileRef = C2A12B7A2ABE31F200D0878F /* EndPointTests.swift */; };
		C2A12B7D2ABE5B3000D0878F /* ArtistPerformancesListView.swift in Sources */ = {isa = PBXBuildFile; fileRef = C2A12B7C2ABE5B3000D0878F /* ArtistPerformancesListView.swift */; };
		C2A12B7F2ABE5D2B00D0878F /* DateExtesions.swift in Sources */ = {isa = PBXBuildFile; fileRef = C2A12B7E2ABE5D2B00D0878F /* DateExtesions.swift */; };
		C2A12B822ABE664000D0878F /* ArtistPerformancesView.swift in Sources */ = {isa = PBXBuildFile; fileRef = C2A12B812ABE664000D0878F /* ArtistPerformancesView.swift */; };
		C2A12B842ABE6B6500D0878F /* StringExtensions.swift in Sources */ = {isa = PBXBuildFile; fileRef = C2A12B832ABE6B6500D0878F /* StringExtensions.swift */; };
		C2A12B862ABE799100D0878F /* VenuesClient.swift in Sources */ = {isa = PBXBuildFile; fileRef = C2A12B852ABE799100D0878F /* VenuesClient.swift */; };
		C2A12B882ABE7A0500D0878F /* VenuesListViewModel.swift in Sources */ = {isa = PBXBuildFile; fileRef = C2A12B872ABE7A0500D0878F /* VenuesListViewModel.swift */; };
		C2A12B8A2ABE7A4D00D0878F /* VenuesListViewModelTests.swift in Sources */ = {isa = PBXBuildFile; fileRef = C2A12B892ABE7A4D00D0878F /* VenuesListViewModelTests.swift */; };
		C2A12B8D2ABE7CD800D0878F /* VenuesListView.swift in Sources */ = {isa = PBXBuildFile; fileRef = C2A12B8C2ABE7CD800D0878F /* VenuesListView.swift */; };
		C2A12B8F2ABE7D3700D0878F /* VenuesRowView.swift in Sources */ = {isa = PBXBuildFile; fileRef = C2A12B8E2ABE7D3700D0878F /* VenuesRowView.swift */; };
		C2A12B912ABE7EBD00D0878F /* TabContainerView.swift in Sources */ = {isa = PBXBuildFile; fileRef = C2A12B902ABE7EBD00D0878F /* TabContainerView.swift */; };
		C2A12B982ABF441F00D0878F /* VenuePerformancesListViewModel.swift in Sources */ = {isa = PBXBuildFile; fileRef = C2A12B952ABF441F00D0878F /* VenuePerformancesListViewModel.swift */; };
		C2A12B992ABF441F00D0878F /* VenuePerformancesListView.swift in Sources */ = {isa = PBXBuildFile; fileRef = C2A12B962ABF441F00D0878F /* VenuePerformancesListView.swift */; };
		C2A12B9A2ABF441F00D0878F /* VenuePerformancesView.swift in Sources */ = {isa = PBXBuildFile; fileRef = C2A12B972ABF441F00D0878F /* VenuePerformancesView.swift */; };
		C2A12B9C2ABF448B00D0878F /* VenuePerformancesClient.swift in Sources */ = {isa = PBXBuildFile; fileRef = C2A12B9B2ABF448B00D0878F /* VenuePerformancesClient.swift */; };
		C2A12B9E2ABF515000D0878F /* VenuePerformancesListViewModelTests.swift in Sources */ = {isa = PBXBuildFile; fileRef = C2A12B9D2ABF515000D0878F /* VenuePerformancesListViewModelTests.swift */; };
		C2A12BA02ABF526000D0878F /* ExtensionsTests.swift in Sources */ = {isa = PBXBuildFile; fileRef = C2A12B9F2ABF526000D0878F /* ExtensionsTests.swift */; };
/* End PBXBuildFile section */

/* Begin PBXContainerItemProxy section */
		C2A12B1A2ABBA95F00D0878F /* PBXContainerItemProxy */ = {
			isa = PBXContainerItemProxy;
			containerPortal = C2A12B012ABBA95C00D0878F /* Project object */;
			proxyType = 1;
			remoteGlobalIDString = C2A12B082ABBA95C00D0878F;
			remoteInfo = OperaHouse;
		};
		C2A12B242ABBA95F00D0878F /* PBXContainerItemProxy */ = {
			isa = PBXContainerItemProxy;
			containerPortal = C2A12B012ABBA95C00D0878F /* Project object */;
			proxyType = 1;
			remoteGlobalIDString = C2A12B082ABBA95C00D0878F;
			remoteInfo = OperaHouse;
		};
/* End PBXContainerItemProxy section */

/* Begin PBXFileReference section */
		C2A12B092ABBA95C00D0878F /* OperaHouse.app */ = {isa = PBXFileReference; explicitFileType = wrapper.application; includeInIndex = 0; path = OperaHouse.app; sourceTree = BUILT_PRODUCTS_DIR; };
		C2A12B0C2ABBA95C00D0878F /* OperaHouseApp.swift */ = {isa = PBXFileReference; lastKnownFileType = sourcecode.swift; path = OperaHouseApp.swift; sourceTree = "<group>"; };
		C2A12B0E2ABBA95C00D0878F /* ContentView.swift */ = {isa = PBXFileReference; lastKnownFileType = sourcecode.swift; path = ContentView.swift; sourceTree = "<group>"; };
		C2A12B102ABBA95E00D0878F /* Assets.xcassets */ = {isa = PBXFileReference; lastKnownFileType = folder.assetcatalog; path = Assets.xcassets; sourceTree = "<group>"; };
		C2A12B132ABBA95E00D0878F /* Preview Assets.xcassets */ = {isa = PBXFileReference; lastKnownFileType = folder.assetcatalog; path = "Preview Assets.xcassets"; sourceTree = "<group>"; };
		C2A12B192ABBA95F00D0878F /* OperaHouseTests.xctest */ = {isa = PBXFileReference; explicitFileType = wrapper.cfbundle; includeInIndex = 0; path = OperaHouseTests.xctest; sourceTree = BUILT_PRODUCTS_DIR; };
		C2A12B1D2ABBA95F00D0878F /* OperaHouseTests.swift */ = {isa = PBXFileReference; lastKnownFileType = sourcecode.swift; path = OperaHouseTests.swift; sourceTree = "<group>"; };
		C2A12B232ABBA95F00D0878F /* OperaHouseUITests.xctest */ = {isa = PBXFileReference; explicitFileType = wrapper.cfbundle; includeInIndex = 0; path = OperaHouseUITests.xctest; sourceTree = BUILT_PRODUCTS_DIR; };
		C2A12B272ABBA95F00D0878F /* OperaHouseUITests.swift */ = {isa = PBXFileReference; lastKnownFileType = sourcecode.swift; path = OperaHouseUITests.swift; sourceTree = "<group>"; };
		C2A12B292ABBA95F00D0878F /* OperaHouseUITestsLaunchTests.swift */ = {isa = PBXFileReference; lastKnownFileType = sourcecode.swift; path = OperaHouseUITestsLaunchTests.swift; sourceTree = "<group>"; };
		C2A12B372ABBAAA300D0878F /* MusicPerformance.swift */ = {isa = PBXFileReference; lastKnownFileType = sourcecode.swift; path = MusicPerformance.swift; sourceTree = "<group>"; };
		C2A12B392ABBABC400D0878F /* Venue.swift */ = {isa = PBXFileReference; lastKnownFileType = sourcecode.swift; path = Venue.swift; sourceTree = "<group>"; };
		C2A12B3B2ABBAC1200D0878F /* Artist.swift */ = {isa = PBXFileReference; lastKnownFileType = sourcecode.swift; path = Artist.swift; sourceTree = "<group>"; };
		C2A12B3E2ABBAF3D00D0878F /* ArtistPerformance.swift */ = {isa = PBXFileReference; lastKnownFileType = sourcecode.swift; path = ArtistPerformance.swift; sourceTree = "<group>"; };
		C2A12B402ABBAFF000D0878F /* VenuePerformance.swift */ = {isa = PBXFileReference; lastKnownFileType = sourcecode.swift; path = VenuePerformance.swift; sourceTree = "<group>"; };
		C2A12B422ABBB3E300D0878F /* VenueModelTests.swift */ = {isa = PBXFileReference; lastKnownFileType = sourcecode.swift; path = VenueModelTests.swift; sourceTree = "<group>"; };
		C2A12B442ABBB40500D0878F /* ArtistModelTests.swift */ = {isa = PBXFileReference; lastKnownFileType = sourcecode.swift; path = ArtistModelTests.swift; sourceTree = "<group>"; };
		C2A12B482ABBCFBB00D0878F /* APIError.swift */ = {isa = PBXFileReference; lastKnownFileType = sourcecode.swift; path = APIError.swift; sourceTree = "<group>"; };
		C2A12B4A2ABBCFEE00D0878F /* HttpClient.swift */ = {isa = PBXFileReference; lastKnownFileType = sourcecode.swift; path = HttpClient.swift; sourceTree = "<group>"; };
		C2A12B4C2ABC774E00D0878F /* URLEndpoint.swift */ = {isa = PBXFileReference; lastKnownFileType = sourcecode.swift; path = URLEndpoint.swift; sourceTree = "<group>"; };
		C2A12B4F2ABC779400D0878F /* AppEndPoint.swift */ = {isa = PBXFileReference; lastKnownFileType = sourcecode.swift; path = AppEndPoint.swift; sourceTree = "<group>"; };
		C2A12B512ABD1CAB00D0878F /* ArtistsClient.swift */ = {isa = PBXFileReference; lastKnownFileType = sourcecode.swift; path = ArtistsClient.swift; sourceTree = "<group>"; };
		C2A12B532ABD2E4A00D0878F /* ArtistsListViewModel.swift */ = {isa = PBXFileReference; lastKnownFileType = sourcecode.swift; path = ArtistsListViewModel.swift; sourceTree = "<group>"; };
		C2A12B552ABD310B00D0878F /* ArtistsListViewModelTests.swift */ = {isa = PBXFileReference; lastKnownFileType = sourcecode.swift; path = ArtistsListViewModelTests.swift; sourceTree = "<group>"; };
		C2A12B582ABD332800D0878F /* Info.plist */ = {isa = PBXFileReference; lastKnownFileType = text.plist; path = Info.plist; sourceTree = "<group>"; };
		C2A12B592ABD345700D0878F /* LoadingState.swift */ = {isa = PBXFileReference; lastKnownFileType = sourcecode.swift; path = LoadingState.swift; sourceTree = "<group>"; };
		C2A12B5F2ABDBE1E00D0878F /* ArtistPerformancesListViewModel.swift */ = {isa = PBXFileReference; lastKnownFileType = sourcecode.swift; path = ArtistPerformancesListViewModel.swift; sourceTree = "<group>"; };
		C2A12B622ABDBECA00D0878F /* ArtistPerformancesClient.swift */ = {isa = PBXFileReference; lastKnownFileType = sourcecode.swift; path = ArtistPerformancesClient.swift; sourceTree = "<group>"; };
		C2A12B642ABDBFEE00D0878F /* ArtistPerformancesListViewModelTests.swift */ = {isa = PBXFileReference; lastKnownFileType = sourcecode.swift; path = ArtistPerformancesListViewModelTests.swift; sourceTree = "<group>"; };
		C2A12B662ABDD2E500D0878F /* ArtistsListView.swift */ = {isa = PBXFileReference; lastKnownFileType = sourcecode.swift; path = ArtistsListView.swift; sourceTree = "<group>"; };
		C2A12B692ABE29E500D0878F /* ErrorView.swift */ = {isa = PBXFileReference; lastKnownFileType = sourcecode.swift; path = ErrorView.swift; sourceTree = "<group>"; };
		C2A12B6B2ABE29FF00D0878F /* EmptyView.swift */ = {isa = PBXFileReference; lastKnownFileType = sourcecode.swift; path = EmptyView.swift; sourceTree = "<group>"; };
		C2A12B6D2ABE2A1400D0878F /* LoadingView.swift */ = {isa = PBXFileReference; lastKnownFileType = sourcecode.swift; path = LoadingView.swift; sourceTree = "<group>"; };
		C2A12B6F2ABE2A4300D0878F /* CircledBorderView.swift */ = {isa = PBXFileReference; lastKnownFileType = sourcecode.swift; path = CircledBorderView.swift; sourceTree = "<group>"; };
		C2A12B712ABE2A9900D0878F /* CachedImageView.swift */ = {isa = PBXFileReference; lastKnownFileType = sourcecode.swift; path = CachedImageView.swift; sourceTree = "<group>"; };
		C2A12B742ABE2AE500D0878F /* ImageLoader.swift */ = {isa = PBXFileReference; lastKnownFileType = sourcecode.swift; path = ImageLoader.swift; sourceTree = "<group>"; };
		C2A12B762ABE2B6000D0878F /* ArtistsRowView.swift */ = {isa = PBXFileReference; lastKnownFileType = sourcecode.swift; path = ArtistsRowView.swift; sourceTree = "<group>"; };
		C2A12B782ABE2FFA00D0878F /* ImageEndPoint.swift */ = {isa = PBXFileReference; lastKnownFileType = sourcecode.swift; path = ImageEndPoint.swift; sourceTree = "<group>"; };
		C2A12B7A2ABE31F200D0878F /* EndPointTests.swift */ = {isa = PBXFileReference; lastKnownFileType = sourcecode.swift; path = EndPointTests.swift; sourceTree = "<group>"; };
		C2A12B7C2ABE5B3000D0878F /* ArtistPerformancesListView.swift */ = {isa = PBXFileReference; lastKnownFileType = sourcecode.swift; path = ArtistPerformancesListView.swift; sourceTree = "<group>"; };
		C2A12B7E2ABE5D2B00D0878F /* DateExtesions.swift */ = {isa = PBXFileReference; lastKnownFileType = sourcecode.swift; path = DateExtesions.swift; sourceTree = "<group>"; };
		C2A12B812ABE664000D0878F /* ArtistPerformancesView.swift */ = {isa = PBXFileReference; lastKnownFileType = sourcecode.swift; path = ArtistPerformancesView.swift; sourceTree = "<group>"; };
		C2A12B832ABE6B6500D0878F /* StringExtensions.swift */ = {isa = PBXFileReference; lastKnownFileType = sourcecode.swift; path = StringExtensions.swift; sourceTree = "<group>"; };
		C2A12B852ABE799100D0878F /* VenuesClient.swift */ = {isa = PBXFileReference; lastKnownFileType = sourcecode.swift; path = VenuesClient.swift; sourceTree = "<group>"; };
		C2A12B872ABE7A0500D0878F /* VenuesListViewModel.swift */ = {isa = PBXFileReference; lastKnownFileType = sourcecode.swift; path = VenuesListViewModel.swift; sourceTree = "<group>"; };
		C2A12B892ABE7A4D00D0878F /* VenuesListViewModelTests.swift */ = {isa = PBXFileReference; lastKnownFileType = sourcecode.swift; path = VenuesListViewModelTests.swift; sourceTree = "<group>"; };
		C2A12B8C2ABE7CD800D0878F /* VenuesListView.swift */ = {isa = PBXFileReference; lastKnownFileType = sourcecode.swift; path = VenuesListView.swift; sourceTree = "<group>"; };
		C2A12B8E2ABE7D3700D0878F /* VenuesRowView.swift */ = {isa = PBXFileReference; lastKnownFileType = sourcecode.swift; path = VenuesRowView.swift; sourceTree = "<group>"; };
		C2A12B902ABE7EBD00D0878F /* TabContainerView.swift */ = {isa = PBXFileReference; lastKnownFileType = sourcecode.swift; path = TabContainerView.swift; sourceTree = "<group>"; };
		C2A12B952ABF441F00D0878F /* VenuePerformancesListViewModel.swift */ = {isa = PBXFileReference; fileEncoding = 4; lastKnownFileType = sourcecode.swift; path = VenuePerformancesListViewModel.swift; sourceTree = "<group>"; };
		C2A12B962ABF441F00D0878F /* VenuePerformancesListView.swift */ = {isa = PBXFileReference; fileEncoding = 4; lastKnownFileType = sourcecode.swift; path = VenuePerformancesListView.swift; sourceTree = "<group>"; };
		C2A12B972ABF441F00D0878F /* VenuePerformancesView.swift */ = {isa = PBXFileReference; fileEncoding = 4; lastKnownFileType = sourcecode.swift; path = VenuePerformancesView.swift; sourceTree = "<group>"; };
		C2A12B9B2ABF448B00D0878F /* VenuePerformancesClient.swift */ = {isa = PBXFileReference; lastKnownFileType = sourcecode.swift; path = VenuePerformancesClient.swift; sourceTree = "<group>"; };
		C2A12B9D2ABF515000D0878F /* VenuePerformancesListViewModelTests.swift */ = {isa = PBXFileReference; lastKnownFileType = sourcecode.swift; path = VenuePerformancesListViewModelTests.swift; sourceTree = "<group>"; };
		C2A12B9F2ABF526000D0878F /* ExtensionsTests.swift */ = {isa = PBXFileReference; lastKnownFileType = sourcecode.swift; path = ExtensionsTests.swift; sourceTree = "<group>"; };
/* End PBXFileReference section */

/* Begin PBXFrameworksBuildPhase section */
		C2A12B062ABBA95C00D0878F /* Frameworks */ = {
			isa = PBXFrameworksBuildPhase;
			buildActionMask = 2147483647;
			files = (
			);
			runOnlyForDeploymentPostprocessing = 0;
		};
		C2A12B162ABBA95F00D0878F /* Frameworks */ = {
			isa = PBXFrameworksBuildPhase;
			buildActionMask = 2147483647;
			files = (
			);
			runOnlyForDeploymentPostprocessing = 0;
		};
		C2A12B202ABBA95F00D0878F /* Frameworks */ = {
			isa = PBXFrameworksBuildPhase;
			buildActionMask = 2147483647;
			files = (
			);
			runOnlyForDeploymentPostprocessing = 0;
		};
/* End PBXFrameworksBuildPhase section */

/* Begin PBXGroup section */
		C2A12B002ABBA95C00D0878F = {
			isa = PBXGroup;
			children = (
				C2A12B0B2ABBA95C00D0878F /* OperaHouse */,
				C2A12B1C2ABBA95F00D0878F /* OperaHouseTests */,
				C2A12B262ABBA95F00D0878F /* OperaHouseUITests */,
				C2A12B0A2ABBA95C00D0878F /* Products */,
			);
			sourceTree = "<group>";
		};
		C2A12B0A2ABBA95C00D0878F /* Products */ = {
			isa = PBXGroup;
			children = (
				C2A12B092ABBA95C00D0878F /* OperaHouse.app */,
				C2A12B192ABBA95F00D0878F /* OperaHouseTests.xctest */,
				C2A12B232ABBA95F00D0878F /* OperaHouseUITests.xctest */,
			);
			name = Products;
			sourceTree = "<group>";
		};
		C2A12B0B2ABBA95C00D0878F /* OperaHouse */ = {
			isa = PBXGroup;
			children = (
				C2A12B0C2ABBA95C00D0878F /* OperaHouseApp.swift */,
				C2A12B0E2ABBA95C00D0878F /* ContentView.swift */,
				C2A12B902ABE7EBD00D0878F /* TabContainerView.swift */,
				C2A12B5B2ABD347400D0878F /* Artists */,
				C2A12B612ABDBE3300D0878F /* ArtistPerformances */,
				C2A12B8B2ABE7C9C00D0878F /* Venues */,
				C2A12B942ABF441F00D0878F /* VenuePerformances */,
				C2A12B362ABBAA7B00D0878F /* Models */,
				C2A12B472ABBCF5D00D0878F /* Networking */,
				C2A12B732ABE2AC800D0878F /* Loaders */,
				C2A12B5C2ABD34A700D0878F /* Helpers */,
				C2A12B802ABE5D3200D0878F /* Extensions */,
				C2A12B682ABE29C500D0878F /* Custom Views */,
				C2A12B102ABBA95E00D0878F /* Assets.xcassets */,
				C2A12B582ABD332800D0878F /* Info.plist */,
				C2A12B122ABBA95E00D0878F /* Preview Content */,
			);
			path = OperaHouse;
			sourceTree = "<group>";
		};
		C2A12B122ABBA95E00D0878F /* Preview Content */ = {
			isa = PBXGroup;
			children = (
				C2A12B132ABBA95E00D0878F /* Preview Assets.xcassets */,
			);
			path = "Preview Content";
			sourceTree = "<group>";
		};
		C2A12B1C2ABBA95F00D0878F /* OperaHouseTests */ = {
			isa = PBXGroup;
			children = (
				C2A12B1D2ABBA95F00D0878F /* OperaHouseTests.swift */,
				C2A12B7A2ABE31F200D0878F /* EndPointTests.swift */,
				C2A12B552ABD310B00D0878F /* ArtistsListViewModelTests.swift */,
				C2A12B892ABE7A4D00D0878F /* VenuesListViewModelTests.swift */,
				C2A12B642ABDBFEE00D0878F /* ArtistPerformancesListViewModelTests.swift */,
				C2A12B9D2ABF515000D0878F /* VenuePerformancesListViewModelTests.swift */,
				C2A12B9F2ABF526000D0878F /* ExtensionsTests.swift */,
				C2A12B462ABBB5AC00D0878F /* ModelTests */,
			);
			path = OperaHouseTests;
			sourceTree = "<group>";
		};
		C2A12B262ABBA95F00D0878F /* OperaHouseUITests */ = {
			isa = PBXGroup;
			children = (
				C2A12B272ABBA95F00D0878F /* OperaHouseUITests.swift */,
				C2A12B292ABBA95F00D0878F /* OperaHouseUITestsLaunchTests.swift */,
			);
			path = OperaHouseUITests;
			sourceTree = "<group>";
		};
		C2A12B362ABBAA7B00D0878F /* Models */ = {
			isa = PBXGroup;
			children = (
				C2A12B372ABBAAA300D0878F /* MusicPerformance.swift */,
				C2A12B3E2ABBAF3D00D0878F /* ArtistPerformance.swift */,
				C2A12B402ABBAFF000D0878F /* VenuePerformance.swift */,
				C2A12B392ABBABC400D0878F /* Venue.swift */,
				C2A12B3B2ABBAC1200D0878F /* Artist.swift */,
			);
			path = Models;
			sourceTree = "<group>";
		};
		C2A12B462ABBB5AC00D0878F /* ModelTests */ = {
			isa = PBXGroup;
			children = (
				C2A12B422ABBB3E300D0878F /* VenueModelTests.swift */,
				C2A12B442ABBB40500D0878F /* ArtistModelTests.swift */,
			);
			path = ModelTests;
			sourceTree = "<group>";
		};
		C2A12B472ABBCF5D00D0878F /* Networking */ = {
			isa = PBXGroup;
			children = (
				C2A12B5E2ABD34F800D0878F /* Core */,
				C2A12B512ABD1CAB00D0878F /* ArtistsClient.swift */,
				C2A12B852ABE799100D0878F /* VenuesClient.swift */,
				C2A12B622ABDBECA00D0878F /* ArtistPerformancesClient.swift */,
				C2A12B9B2ABF448B00D0878F /* VenuePerformancesClient.swift */,
			);
			path = Networking;
			sourceTree = "<group>";
		};
		C2A12B4E2ABC777300D0878F /* Endpoint */ = {
			isa = PBXGroup;
			children = (
				C2A12B4C2ABC774E00D0878F /* URLEndpoint.swift */,
				C2A12B4F2ABC779400D0878F /* AppEndPoint.swift */,
				C2A12B782ABE2FFA00D0878F /* ImageEndPoint.swift */,
			);
			path = Endpoint;
			sourceTree = "<group>";
		};
		C2A12B5B2ABD347400D0878F /* Artists */ = {
			isa = PBXGroup;
			children = (
				C2A12B662ABDD2E500D0878F /* ArtistsListView.swift */,
				C2A12B762ABE2B6000D0878F /* ArtistsRowView.swift */,
				C2A12B532ABD2E4A00D0878F /* ArtistsListViewModel.swift */,
			);
			path = Artists;
			sourceTree = "<group>";
		};
		C2A12B5C2ABD34A700D0878F /* Helpers */ = {
			isa = PBXGroup;
			children = (
				C2A12B592ABD345700D0878F /* LoadingState.swift */,
			);
			path = Helpers;
			sourceTree = "<group>";
		};
		C2A12B5E2ABD34F800D0878F /* Core */ = {
			isa = PBXGroup;
			children = (
				C2A12B4E2ABC777300D0878F /* Endpoint */,
				C2A12B482ABBCFBB00D0878F /* APIError.swift */,
				C2A12B4A2ABBCFEE00D0878F /* HttpClient.swift */,
			);
			path = Core;
			sourceTree = "<group>";
		};
		C2A12B612ABDBE3300D0878F /* ArtistPerformances */ = {
			isa = PBXGroup;
			children = (
				C2A12B7C2ABE5B3000D0878F /* ArtistPerformancesListView.swift */,
				C2A12B812ABE664000D0878F /* ArtistPerformancesView.swift */,
				C2A12B5F2ABDBE1E00D0878F /* ArtistPerformancesListViewModel.swift */,
			);
			path = ArtistPerformances;
			sourceTree = "<group>";
		};
		C2A12B682ABE29C500D0878F /* Custom Views */ = {
			isa = PBXGroup;
			children = (
				C2A12B692ABE29E500D0878F /* ErrorView.swift */,
				C2A12B712ABE2A9900D0878F /* CachedImageView.swift */,
				C2A12B6B2ABE29FF00D0878F /* EmptyView.swift */,
				C2A12B6D2ABE2A1400D0878F /* LoadingView.swift */,
				C2A12B6F2ABE2A4300D0878F /* CircledBorderView.swift */,
			);
			path = "Custom Views";
			sourceTree = "<group>";
		};
		C2A12B732ABE2AC800D0878F /* Loaders */ = {
			isa = PBXGroup;
			children = (
				C2A12B742ABE2AE500D0878F /* ImageLoader.swift */,
			);
			path = Loaders;
			sourceTree = "<group>";
		};
		C2A12B802ABE5D3200D0878F /* Extensions */ = {
			isa = PBXGroup;
			children = (
				C2A12B7E2ABE5D2B00D0878F /* DateExtesions.swift */,
				C2A12B832ABE6B6500D0878F /* StringExtensions.swift */,
			);
			path = Extensions;
			sourceTree = "<group>";
		};
		C2A12B8B2ABE7C9C00D0878F /* Venues */ = {
			isa = PBXGroup;
			children = (
				C2A12B8C2ABE7CD800D0878F /* VenuesListView.swift */,
				C2A12B8E2ABE7D3700D0878F /* VenuesRowView.swift */,
				C2A12B872ABE7A0500D0878F /* VenuesListViewModel.swift */,
			);
			path = Venues;
			sourceTree = "<group>";
		};
		C2A12B942ABF441F00D0878F /* VenuePerformances */ = {
			isa = PBXGroup;
			children = (
				C2A12B962ABF441F00D0878F /* VenuePerformancesListView.swift */,
				C2A12B972ABF441F00D0878F /* VenuePerformancesView.swift */,
				C2A12B952ABF441F00D0878F /* VenuePerformancesListViewModel.swift */,
			);
			path = VenuePerformances;
			sourceTree = "<group>";
		};
/* End PBXGroup section */

/* Begin PBXNativeTarget section */
		C2A12B082ABBA95C00D0878F /* OperaHouse */ = {
			isa = PBXNativeTarget;
			buildConfigurationList = C2A12B2D2ABBA95F00D0878F /* Build configuration list for PBXNativeTarget "OperaHouse" */;
			buildPhases = (
				C2A12B052ABBA95C00D0878F /* Sources */,
				C2A12B062ABBA95C00D0878F /* Frameworks */,
				C2A12B072ABBA95C00D0878F /* Resources */,
				C2A12B3D2ABBACDB00D0878F /* ShellScript */,
			);
			buildRules = (
			);
			dependencies = (
			);
			name = OperaHouse;
			productName = OperaHouse;
			productReference = C2A12B092ABBA95C00D0878F /* OperaHouse.app */;
			productType = "com.apple.product-type.application";
		};
		C2A12B182ABBA95F00D0878F /* OperaHouseTests */ = {
			isa = PBXNativeTarget;
			buildConfigurationList = C2A12B302ABBA95F00D0878F /* Build configuration list for PBXNativeTarget "OperaHouseTests" */;
			buildPhases = (
				C2A12B152ABBA95F00D0878F /* Sources */,
				C2A12B162ABBA95F00D0878F /* Frameworks */,
				C2A12B172ABBA95F00D0878F /* Resources */,
			);
			buildRules = (
			);
			dependencies = (
				C2A12B1B2ABBA95F00D0878F /* PBXTargetDependency */,
			);
			name = OperaHouseTests;
			productName = OperaHouseTests;
			productReference = C2A12B192ABBA95F00D0878F /* OperaHouseTests.xctest */;
			productType = "com.apple.product-type.bundle.unit-test";
		};
		C2A12B222ABBA95F00D0878F /* OperaHouseUITests */ = {
			isa = PBXNativeTarget;
			buildConfigurationList = C2A12B332ABBA95F00D0878F /* Build configuration list for PBXNativeTarget "OperaHouseUITests" */;
			buildPhases = (
				C2A12B1F2ABBA95F00D0878F /* Sources */,
				C2A12B202ABBA95F00D0878F /* Frameworks */,
				C2A12B212ABBA95F00D0878F /* Resources */,
			);
			buildRules = (
			);
			dependencies = (
				C2A12B252ABBA95F00D0878F /* PBXTargetDependency */,
			);
			name = OperaHouseUITests;
			productName = OperaHouseUITests;
			productReference = C2A12B232ABBA95F00D0878F /* OperaHouseUITests.xctest */;
			productType = "com.apple.product-type.bundle.ui-testing";
		};
/* End PBXNativeTarget section */

/* Begin PBXProject section */
		C2A12B012ABBA95C00D0878F /* Project object */ = {
			isa = PBXProject;
			attributes = {
				BuildIndependentTargetsInParallel = 1;
				LastSwiftUpdateCheck = 1420;
				LastUpgradeCheck = 1420;
				TargetAttributes = {
					C2A12B082ABBA95C00D0878F = {
						CreatedOnToolsVersion = 14.2;
					};
					C2A12B182ABBA95F00D0878F = {
						CreatedOnToolsVersion = 14.2;
						TestTargetID = C2A12B082ABBA95C00D0878F;
					};
					C2A12B222ABBA95F00D0878F = {
						CreatedOnToolsVersion = 14.2;
						TestTargetID = C2A12B082ABBA95C00D0878F;
					};
				};
			};
			buildConfigurationList = C2A12B042ABBA95C00D0878F /* Build configuration list for PBXProject "OperaHouse" */;
			compatibilityVersion = "Xcode 14.0";
			developmentRegion = en;
			hasScannedForEncodings = 0;
			knownRegions = (
				en,
				Base,
			);
			mainGroup = C2A12B002ABBA95C00D0878F;
			productRefGroup = C2A12B0A2ABBA95C00D0878F /* Products */;
			projectDirPath = "";
			projectRoot = "";
			targets = (
				C2A12B082ABBA95C00D0878F /* OperaHouse */,
				C2A12B182ABBA95F00D0878F /* OperaHouseTests */,
				C2A12B222ABBA95F00D0878F /* OperaHouseUITests */,
			);
		};
/* End PBXProject section */

/* Begin PBXResourcesBuildPhase section */
		C2A12B072ABBA95C00D0878F /* Resources */ = {
			isa = PBXResourcesBuildPhase;
			buildActionMask = 2147483647;
			files = (
				C2A12B142ABBA95E00D0878F /* Preview Assets.xcassets in Resources */,
				C2A12B112ABBA95E00D0878F /* Assets.xcassets in Resources */,
			);
			runOnlyForDeploymentPostprocessing = 0;
		};
		C2A12B172ABBA95F00D0878F /* Resources */ = {
			isa = PBXResourcesBuildPhase;
			buildActionMask = 2147483647;
			files = (
			);
			runOnlyForDeploymentPostprocessing = 0;
		};
		C2A12B212ABBA95F00D0878F /* Resources */ = {
			isa = PBXResourcesBuildPhase;
			buildActionMask = 2147483647;
			files = (
			);
			runOnlyForDeploymentPostprocessing = 0;
		};
/* End PBXResourcesBuildPhase section */

/* Begin PBXShellScriptBuildPhase section */
		C2A12B3D2ABBACDB00D0878F /* ShellScript */ = {
			isa = PBXShellScriptBuildPhase;
			buildActionMask = 2147483647;
			files = (
			);
			inputFileListPaths = (
			);
			inputPaths = (
			);
			outputFileListPaths = (
			);
			outputPaths = (
			);
			runOnlyForDeploymentPostprocessing = 0;
			shellPath = /bin/sh;
			shellScript = "if which swiftlint > /dev/null; then\n  swiftlint\nelse\n  echo \"warning: SwiftLint not installed, download from https://github.com/realm/SwiftLint\"\nfi\n";
		};
/* End PBXShellScriptBuildPhase section */

/* Begin PBXSourcesBuildPhase section */
		C2A12B052ABBA95C00D0878F /* Sources */ = {
			isa = PBXSourcesBuildPhase;
			buildActionMask = 2147483647;
			files = (
				C2A12B982ABF441F00D0878F /* VenuePerformancesListViewModel.swift in Sources */,
				C2A12B992ABF441F00D0878F /* VenuePerformancesListView.swift in Sources */,
				C2A12B9A2ABF441F00D0878F /* VenuePerformancesView.swift in Sources */,
				C2A12B412ABBAFF000D0878F /* VenuePerformance.swift in Sources */,
				C2A12B0F2ABBA95C00D0878F /* ContentView.swift in Sources */,
				C2A12B3A2ABBABC400D0878F /* Venue.swift in Sources */,
				C2A12B522ABD1CAB00D0878F /* ArtistsClient.swift in Sources */,
				C2A12B862ABE799100D0878F /* VenuesClient.swift in Sources */,
				C2A12B772ABE2B6000D0878F /* ArtistsRowView.swift in Sources */,
				C2A12B632ABDBECA00D0878F /* ArtistPerformancesClient.swift in Sources */,
				C2A12B7D2ABE5B3000D0878F /* ArtistPerformancesListView.swift in Sources */,
				C2A12B912ABE7EBD00D0878F /* TabContainerView.swift in Sources */,
				C2A12B7F2ABE5D2B00D0878F /* DateExtesions.swift in Sources */,
				C2A12B6C2ABE29FF00D0878F /* EmptyView.swift in Sources */,
				C2A12B672ABDD2E500D0878F /* ArtistsListView.swift in Sources */,
				C2A12B822ABE664000D0878F /* ArtistPerformancesView.swift in Sources */,
				C2A12B502ABC779400D0878F /* AppEndPoint.swift in Sources */,
				C2A12B792ABE2FFA00D0878F /* ImageEndPoint.swift in Sources */,
				C2A12B6A2ABE29E500D0878F /* ErrorView.swift in Sources */,
				C2A12B842ABE6B6500D0878F /* StringExtensions.swift in Sources */,
				C2A12B382ABBAAA300D0878F /* MusicPerformance.swift in Sources */,
				C2A12B4D2ABC774E00D0878F /* URLEndpoint.swift in Sources */,
				C2A12B602ABDBE1E00D0878F /* ArtistPerformancesListViewModel.swift in Sources */,
				C2A12B722ABE2A9900D0878F /* CachedImageView.swift in Sources */,
				C2A12B4B2ABBCFEE00D0878F /* HttpClient.swift in Sources */,
				C2A12B6E2ABE2A1400D0878F /* LoadingView.swift in Sources */,
				C2A12B752ABE2AE500D0878F /* ImageLoader.swift in Sources */,
				C2A12B5A2ABD345700D0878F /* LoadingState.swift in Sources */,
				C2A12B3C2ABBAC1200D0878F /* Artist.swift in Sources */,
				C2A12B702ABE2A4300D0878F /* CircledBorderView.swift in Sources */,
				C2A12B8F2ABE7D3700D0878F /* VenuesRowView.swift in Sources */,
				C2A12B492ABBCFBB00D0878F /* APIError.swift in Sources */,
				C2A12B882ABE7A0500D0878F /* VenuesListViewModel.swift in Sources */,
				C2A12B8D2ABE7CD800D0878F /* VenuesListView.swift in Sources */,
				C2A12B542ABD2E4A00D0878F /* ArtistsListViewModel.swift in Sources */,
				C2A12B9C2ABF448B00D0878F /* VenuePerformancesClient.swift in Sources */,
				C2A12B0D2ABBA95C00D0878F /* OperaHouseApp.swift in Sources */,
				C2A12B3F2ABBAF3D00D0878F /* ArtistPerformance.swift in Sources */,
			);
			runOnlyForDeploymentPostprocessing = 0;
		};
		C2A12B152ABBA95F00D0878F /* Sources */ = {
			isa = PBXSourcesBuildPhase;
			buildActionMask = 2147483647;
			files = (
				C2A12B1E2ABBA95F00D0878F /* OperaHouseTests.swift in Sources */,
				C2A12B452ABBB40500D0878F /* ArtistModelTests.swift in Sources */,
				C2A12B7B2ABE31F200D0878F /* EndPointTests.swift in Sources */,
				C2A12B652ABDBFEE00D0878F /* ArtistPerformancesListViewModelTests.swift in Sources */,
				C2A12B432ABBB3E300D0878F /* VenueModelTests.swift in Sources */,
				C2A12B8A2ABE7A4D00D0878F /* VenuesListViewModelTests.swift in Sources */,
				C2A12B562ABD310B00D0878F /* ArtistsListViewModelTests.swift in Sources */,
				C2A12BA02ABF526000D0878F /* ExtensionsTests.swift in Sources */,
				C2A12B9E2ABF515000D0878F /* VenuePerformancesListViewModelTests.swift in Sources */,
			);
			runOnlyForDeploymentPostprocessing = 0;
		};
		C2A12B1F2ABBA95F00D0878F /* Sources */ = {
			isa = PBXSourcesBuildPhase;
			buildActionMask = 2147483647;
			files = (
				C2A12B282ABBA95F00D0878F /* OperaHouseUITests.swift in Sources */,
				C2A12B2A2ABBA95F00D0878F /* OperaHouseUITestsLaunchTests.swift in Sources */,
			);
			runOnlyForDeploymentPostprocessing = 0;
		};
/* End PBXSourcesBuildPhase section */

/* Begin PBXTargetDependency section */
		C2A12B1B2ABBA95F00D0878F /* PBXTargetDependency */ = {
			isa = PBXTargetDependency;
			target = C2A12B082ABBA95C00D0878F /* OperaHouse */;
			targetProxy = C2A12B1A2ABBA95F00D0878F /* PBXContainerItemProxy */;
		};
		C2A12B252ABBA95F00D0878F /* PBXTargetDependency */ = {
			isa = PBXTargetDependency;
			target = C2A12B082ABBA95C00D0878F /* OperaHouse */;
			targetProxy = C2A12B242ABBA95F00D0878F /* PBXContainerItemProxy */;
		};
/* End PBXTargetDependency section */

/* Begin XCBuildConfiguration section */
		C2A12B2B2ABBA95F00D0878F /* Debug */ = {
			isa = XCBuildConfiguration;
			buildSettings = {
				ALWAYS_SEARCH_USER_PATHS = NO;
				CLANG_ANALYZER_NONNULL = YES;
				CLANG_ANALYZER_NUMBER_OBJECT_CONVERSION = YES_AGGRESSIVE;
				CLANG_CXX_LANGUAGE_STANDARD = "gnu++20";
				CLANG_ENABLE_MODULES = YES;
				CLANG_ENABLE_OBJC_ARC = YES;
				CLANG_ENABLE_OBJC_WEAK = YES;
				CLANG_WARN_BLOCK_CAPTURE_AUTORELEASING = YES;
				CLANG_WARN_BOOL_CONVERSION = YES;
				CLANG_WARN_COMMA = YES;
				CLANG_WARN_CONSTANT_CONVERSION = YES;
				CLANG_WARN_DEPRECATED_OBJC_IMPLEMENTATIONS = YES;
				CLANG_WARN_DIRECT_OBJC_ISA_USAGE = YES_ERROR;
				CLANG_WARN_DOCUMENTATION_COMMENTS = YES;
				CLANG_WARN_EMPTY_BODY = YES;
				CLANG_WARN_ENUM_CONVERSION = YES;
				CLANG_WARN_INFINITE_RECURSION = YES;
				CLANG_WARN_INT_CONVERSION = YES;
				CLANG_WARN_NON_LITERAL_NULL_CONVERSION = YES;
				CLANG_WARN_OBJC_IMPLICIT_RETAIN_SELF = YES;
				CLANG_WARN_OBJC_LITERAL_CONVERSION = YES;
				CLANG_WARN_OBJC_ROOT_CLASS = YES_ERROR;
				CLANG_WARN_QUOTED_INCLUDE_IN_FRAMEWORK_HEADER = YES;
				CLANG_WARN_RANGE_LOOP_ANALYSIS = YES;
				CLANG_WARN_STRICT_PROTOTYPES = YES;
				CLANG_WARN_SUSPICIOUS_MOVE = YES;
				CLANG_WARN_UNGUARDED_AVAILABILITY = YES_AGGRESSIVE;
				CLANG_WARN_UNREACHABLE_CODE = YES;
				CLANG_WARN__DUPLICATE_METHOD_MATCH = YES;
				COPY_PHASE_STRIP = NO;
				DEBUG_INFORMATION_FORMAT = dwarf;
				ENABLE_STRICT_OBJC_MSGSEND = YES;
				ENABLE_TESTABILITY = YES;
				GCC_C_LANGUAGE_STANDARD = gnu11;
				GCC_DYNAMIC_NO_PIC = NO;
				GCC_NO_COMMON_BLOCKS = YES;
				GCC_OPTIMIZATION_LEVEL = 0;
				GCC_PREPROCESSOR_DEFINITIONS = (
					"DEBUG=1",
					"$(inherited)",
				);
				GCC_WARN_64_TO_32_BIT_CONVERSION = YES;
				GCC_WARN_ABOUT_RETURN_TYPE = YES_ERROR;
				GCC_WARN_UNDECLARED_SELECTOR = YES;
				GCC_WARN_UNINITIALIZED_AUTOS = YES_AGGRESSIVE;
				GCC_WARN_UNUSED_FUNCTION = YES;
				GCC_WARN_UNUSED_VARIABLE = YES;
				IPHONEOS_DEPLOYMENT_TARGET = 15.0;
				MTL_ENABLE_DEBUG_INFO = INCLUDE_SOURCE;
				MTL_FAST_MATH = YES;
				ONLY_ACTIVE_ARCH = YES;
				SDKROOT = iphoneos;
				SWIFT_ACTIVE_COMPILATION_CONDITIONS = DEBUG;
				SWIFT_OPTIMIZATION_LEVEL = "-Onone";
			};
			name = Debug;
		};
		C2A12B2C2ABBA95F00D0878F /* Release */ = {
			isa = XCBuildConfiguration;
			buildSettings = {
				ALWAYS_SEARCH_USER_PATHS = NO;
				CLANG_ANALYZER_NONNULL = YES;
				CLANG_ANALYZER_NUMBER_OBJECT_CONVERSION = YES_AGGRESSIVE;
				CLANG_CXX_LANGUAGE_STANDARD = "gnu++20";
				CLANG_ENABLE_MODULES = YES;
				CLANG_ENABLE_OBJC_ARC = YES;
				CLANG_ENABLE_OBJC_WEAK = YES;
				CLANG_WARN_BLOCK_CAPTURE_AUTORELEASING = YES;
				CLANG_WARN_BOOL_CONVERSION = YES;
				CLANG_WARN_COMMA = YES;
				CLANG_WARN_CONSTANT_CONVERSION = YES;
				CLANG_WARN_DEPRECATED_OBJC_IMPLEMENTATIONS = YES;
				CLANG_WARN_DIRECT_OBJC_ISA_USAGE = YES_ERROR;
				CLANG_WARN_DOCUMENTATION_COMMENTS = YES;
				CLANG_WARN_EMPTY_BODY = YES;
				CLANG_WARN_ENUM_CONVERSION = YES;
				CLANG_WARN_INFINITE_RECURSION = YES;
				CLANG_WARN_INT_CONVERSION = YES;
				CLANG_WARN_NON_LITERAL_NULL_CONVERSION = YES;
				CLANG_WARN_OBJC_IMPLICIT_RETAIN_SELF = YES;
				CLANG_WARN_OBJC_LITERAL_CONVERSION = YES;
				CLANG_WARN_OBJC_ROOT_CLASS = YES_ERROR;
				CLANG_WARN_QUOTED_INCLUDE_IN_FRAMEWORK_HEADER = YES;
				CLANG_WARN_RANGE_LOOP_ANALYSIS = YES;
				CLANG_WARN_STRICT_PROTOTYPES = YES;
				CLANG_WARN_SUSPICIOUS_MOVE = YES;
				CLANG_WARN_UNGUARDED_AVAILABILITY = YES_AGGRESSIVE;
				CLANG_WARN_UNREACHABLE_CODE = YES;
				CLANG_WARN__DUPLICATE_METHOD_MATCH = YES;
				COPY_PHASE_STRIP = NO;
				DEBUG_INFORMATION_FORMAT = "dwarf-with-dsym";
				ENABLE_NS_ASSERTIONS = NO;
				ENABLE_STRICT_OBJC_MSGSEND = YES;
				GCC_C_LANGUAGE_STANDARD = gnu11;
				GCC_NO_COMMON_BLOCKS = YES;
				GCC_WARN_64_TO_32_BIT_CONVERSION = YES;
				GCC_WARN_ABOUT_RETURN_TYPE = YES_ERROR;
				GCC_WARN_UNDECLARED_SELECTOR = YES;
				GCC_WARN_UNINITIALIZED_AUTOS = YES_AGGRESSIVE;
				GCC_WARN_UNUSED_FUNCTION = YES;
				GCC_WARN_UNUSED_VARIABLE = YES;
				IPHONEOS_DEPLOYMENT_TARGET = 15.0;
				MTL_ENABLE_DEBUG_INFO = NO;
				MTL_FAST_MATH = YES;
				SDKROOT = iphoneos;
				SWIFT_COMPILATION_MODE = wholemodule;
				SWIFT_OPTIMIZATION_LEVEL = "-O";
				VALIDATE_PRODUCT = YES;
			};
			name = Release;
		};
		C2A12B2E2ABBA95F00D0878F /* Debug */ = {
			isa = XCBuildConfiguration;
			buildSettings = {
				ASSETCATALOG_COMPILER_APPICON_NAME = AppIcon;
				ASSETCATALOG_COMPILER_GLOBAL_ACCENT_COLOR_NAME = AccentColor;
				CODE_SIGN_STYLE = Automatic;
				CURRENT_PROJECT_VERSION = 1;
				DEVELOPMENT_ASSET_PATHS = "\"OperaHouse/Preview Content\"";
				DEVELOPMENT_TEAM = MTVHX6F533;
				ENABLE_PREVIEWS = YES;
				GENERATE_INFOPLIST_FILE = YES;
				INFOPLIST_FILE = OperaHouse/Info.plist;
				INFOPLIST_KEY_UIApplicationSceneManifest_Generation = YES;
				INFOPLIST_KEY_UIApplicationSupportsIndirectInputEvents = YES;
				INFOPLIST_KEY_UILaunchScreen_Generation = YES;
				INFOPLIST_KEY_UISupportedInterfaceOrientations_iPad = "UIInterfaceOrientationPortrait UIInterfaceOrientationPortraitUpsideDown UIInterfaceOrientationLandscapeLeft UIInterfaceOrientationLandscapeRight";
				INFOPLIST_KEY_UISupportedInterfaceOrientations_iPhone = "UIInterfaceOrientationPortrait UIInterfaceOrientationLandscapeLeft UIInterfaceOrientationLandscapeRight";
				IPHONEOS_DEPLOYMENT_TARGET = 15.0;
				LD_RUNPATH_SEARCH_PATHS = (
					"$(inherited)",
					"@executable_path/Frameworks",
				);
				MARKETING_VERSION = 1.0;
				PRODUCT_BUNDLE_IDENTIFIER = com.tibin.OperaHouse;
				PRODUCT_NAME = "$(TARGET_NAME)";
				SWIFT_EMIT_LOC_STRINGS = YES;
				SWIFT_VERSION = 5.0;
				TARGETED_DEVICE_FAMILY = "1,2";
			};
			name = Debug;
		};
		C2A12B2F2ABBA95F00D0878F /* Release */ = {
			isa = XCBuildConfiguration;
			buildSettings = {
				ASSETCATALOG_COMPILER_APPICON_NAME = AppIcon;
				ASSETCATALOG_COMPILER_GLOBAL_ACCENT_COLOR_NAME = AccentColor;
				CODE_SIGN_STYLE = Automatic;
				CURRENT_PROJECT_VERSION = 1;
				DEVELOPMENT_ASSET_PATHS = "\"OperaHouse/Preview Content\"";
				DEVELOPMENT_TEAM = MTVHX6F533;
				ENABLE_PREVIEWS = YES;
				GENERATE_INFOPLIST_FILE = YES;
				INFOPLIST_FILE = OperaHouse/Info.plist;
				INFOPLIST_KEY_UIApplicationSceneManifest_Generation = YES;
				INFOPLIST_KEY_UIApplicationSupportsIndirectInputEvents = YES;
				INFOPLIST_KEY_UILaunchScreen_Generation = YES;
				INFOPLIST_KEY_UISupportedInterfaceOrientations_iPad = "UIInterfaceOrientationPortrait UIInterfaceOrientationPortraitUpsideDown UIInterfaceOrientationLandscapeLeft UIInterfaceOrientationLandscapeRight";
				INFOPLIST_KEY_UISupportedInterfaceOrientations_iPhone = "UIInterfaceOrientationPortrait UIInterfaceOrientationLandscapeLeft UIInterfaceOrientationLandscapeRight";
				IPHONEOS_DEPLOYMENT_TARGET = 15.0;
				LD_RUNPATH_SEARCH_PATHS = (
					"$(inherited)",
					"@executable_path/Frameworks",
				);
				MARKETING_VERSION = 1.0;
				PRODUCT_BUNDLE_IDENTIFIER = com.tibin.OperaHouse;
				PRODUCT_NAME = "$(TARGET_NAME)";
				SWIFT_EMIT_LOC_STRINGS = YES;
				SWIFT_VERSION = 5.0;
				TARGETED_DEVICE_FAMILY = "1,2";
			};
			name = Release;
		};
		C2A12B312ABBA95F00D0878F /* Debug */ = {
			isa = XCBuildConfiguration;
			buildSettings = {
				ALWAYS_EMBED_SWIFT_STANDARD_LIBRARIES = YES;
				BUNDLE_LOADER = "$(TEST_HOST)";
				CODE_SIGN_STYLE = Automatic;
				CURRENT_PROJECT_VERSION = 1;
				DEVELOPMENT_TEAM = MTVHX6F533;
				GENERATE_INFOPLIST_FILE = YES;
				IPHONEOS_DEPLOYMENT_TARGET = 16.2;
				MARKETING_VERSION = 1.0;
				PRODUCT_BUNDLE_IDENTIFIER = com.tibin.OperaHouseTests;
				PRODUCT_NAME = "$(TARGET_NAME)";
				SWIFT_EMIT_LOC_STRINGS = NO;
				SWIFT_VERSION = 5.0;
				TARGETED_DEVICE_FAMILY = "1,2";
				TEST_HOST = "$(BUILT_PRODUCTS_DIR)/OperaHouse.app/$(BUNDLE_EXECUTABLE_FOLDER_PATH)/OperaHouse";
			};
			name = Debug;
		};
		C2A12B322ABBA95F00D0878F /* Release */ = {
			isa = XCBuildConfiguration;
			buildSettings = {
				ALWAYS_EMBED_SWIFT_STANDARD_LIBRARIES = YES;
				BUNDLE_LOADER = "$(TEST_HOST)";
				CODE_SIGN_STYLE = Automatic;
				CURRENT_PROJECT_VERSION = 1;
				DEVELOPMENT_TEAM = MTVHX6F533;
				GENERATE_INFOPLIST_FILE = YES;
				IPHONEOS_DEPLOYMENT_TARGET = 16.2;
				MARKETING_VERSION = 1.0;
				PRODUCT_BUNDLE_IDENTIFIER = com.tibin.OperaHouseTests;
				PRODUCT_NAME = "$(TARGET_NAME)";
				SWIFT_EMIT_LOC_STRINGS = NO;
				SWIFT_VERSION = 5.0;
				TARGETED_DEVICE_FAMILY = "1,2";
				TEST_HOST = "$(BUILT_PRODUCTS_DIR)/OperaHouse.app/$(BUNDLE_EXECUTABLE_FOLDER_PATH)/OperaHouse";
			};
			name = Release;
		};
		C2A12B342ABBA95F00D0878F /* Debug */ = {
			isa = XCBuildConfiguration;
			buildSettings = {
				ALWAYS_EMBED_SWIFT_STANDARD_LIBRARIES = YES;
				CODE_SIGN_STYLE = Automatic;
				CURRENT_PROJECT_VERSION = 1;
				DEVELOPMENT_TEAM = MTVHX6F533;
				GENERATE_INFOPLIST_FILE = YES;
				MARKETING_VERSION = 1.0;
				PRODUCT_BUNDLE_IDENTIFIER = com.tibin.OperaHouseUITests;
				PRODUCT_NAME = "$(TARGET_NAME)";
				SWIFT_EMIT_LOC_STRINGS = NO;
				SWIFT_VERSION = 5.0;
				TARGETED_DEVICE_FAMILY = "1,2";
				TEST_TARGET_NAME = OperaHouse;
			};
			name = Debug;
		};
		C2A12B352ABBA95F00D0878F /* Release */ = {
			isa = XCBuildConfiguration;
			buildSettings = {
				ALWAYS_EMBED_SWIFT_STANDARD_LIBRARIES = YES;
				CODE_SIGN_STYLE = Automatic;
				CURRENT_PROJECT_VERSION = 1;
				DEVELOPMENT_TEAM = MTVHX6F533;
				GENERATE_INFOPLIST_FILE = YES;
				MARKETING_VERSION = 1.0;
				PRODUCT_BUNDLE_IDENTIFIER = com.tibin.OperaHouseUITests;
				PRODUCT_NAME = "$(TARGET_NAME)";
				SWIFT_EMIT_LOC_STRINGS = NO;
				SWIFT_VERSION = 5.0;
				TARGETED_DEVICE_FAMILY = "1,2";
				TEST_TARGET_NAME = OperaHouse;
			};
			name = Release;
		};
/* End XCBuildConfiguration section */

/* Begin XCConfigurationList section */
		C2A12B042ABBA95C00D0878F /* Build configuration list for PBXProject "OperaHouse" */ = {
			isa = XCConfigurationList;
			buildConfigurations = (
				C2A12B2B2ABBA95F00D0878F /* Debug */,
				C2A12B2C2ABBA95F00D0878F /* Release */,
			);
			defaultConfigurationIsVisible = 0;
			defaultConfigurationName = Release;
		};
		C2A12B2D2ABBA95F00D0878F /* Build configuration list for PBXNativeTarget "OperaHouse" */ = {
			isa = XCConfigurationList;
			buildConfigurations = (
				C2A12B2E2ABBA95F00D0878F /* Debug */,
				C2A12B2F2ABBA95F00D0878F /* Release */,
			);
			defaultConfigurationIsVisible = 0;
			defaultConfigurationName = Release;
		};
		C2A12B302ABBA95F00D0878F /* Build configuration list for PBXNativeTarget "OperaHouseTests" */ = {
			isa = XCConfigurationList;
			buildConfigurations = (
				C2A12B312ABBA95F00D0878F /* Debug */,
				C2A12B322ABBA95F00D0878F /* Release */,
			);
			defaultConfigurationIsVisible = 0;
			defaultConfigurationName = Release;
		};
		C2A12B332ABBA95F00D0878F /* Build configuration list for PBXNativeTarget "OperaHouseUITests" */ = {
			isa = XCConfigurationList;
			buildConfigurations = (
				C2A12B342ABBA95F00D0878F /* Debug */,
				C2A12B352ABBA95F00D0878F /* Release */,
			);
			defaultConfigurationIsVisible = 0;
			defaultConfigurationName = Release;
		};
/* End XCConfigurationList section */
	};
	rootObject = C2A12B012ABBA95C00D0878F /* Project object */;
}
